
Microsoft Visual Studio Solution File, Format Version 12.00
# Visual Studio Version 18
VisualStudioVersion = 18.3.11520.95
MinimumVisualStudioVersion = 10.0.40219.1
Project("{FAE04EC0-301F-11D3-BF4B-00C04F79EFBC}") = "MoviePicks.Contracts", "..\MoviePicks.Contracts\MoviePicks.Contracts.csproj", "{16031D19-C422-FCFF-96D6-B1A48DCC6365}"
EndProject
Project("{FAE04EC0-301F-11D3-BF4B-00C04F79EFBC}") = "MoviePicks.Api", "..\MoviePicks.Api\MoviePicks.Api.csproj", "{4F197693-61C3-6533-A746-29CDD510CFDA}"
EndProject
Project("{FAE04EC0-301F-11D3-BF4B-00C04F79EFBC}") = "MoviePicks.Web", "MoviePicks.Web.csproj", "{F6692228-4EE3-D9E2-60BE-EB8DBB9085B2}"
EndProject
Global
	GlobalSection(SolutionConfigurationPlatforms) = preSolution
		Debug|Any CPU = Debug|Any CPU
		Release|Any CPU = Release|Any CPU
	EndGlobalSection
	GlobalSection(ProjectConfigurationPlatforms) = postSolution
		{16031D19-C422-FCFF-96D6-B1A48DCC6365}.Debug|Any CPU.ActiveCfg = Debug|Any CPU
		{16031D19-C422-FCFF-96D6-B1A48DCC6365}.Debug|Any CPU.Build.0 = Debug|Any CPU
		{16031D19-C422-FCFF-96D6-B1A48DCC6365}.Release|Any CPU.ActiveCfg = Release|Any CPU
		{16031D19-C422-FCFF-96D6-B1A48DCC6365}.Release|Any CPU.Build.0 = Release|Any CPU
		{4F197693-61C3-6533-A746-29CDD510CFDA}.Debug|Any CPU.ActiveCfg = Debug|Any CPU
		{4F197693-61C3-6533-A746-29CDD510CFDA}.Debug|Any CPU.Build.0 = Debug|Any CPU
		{4F197693-61C3-6533-A746-29CDD510CFDA}.Release|Any CPU.ActiveCfg = Release|Any CPU
		{4F197693-61C3-6533-A746-29CDD510CFDA}.Release|Any CPU.Build.0 = Release|Any CPU
		{F6692228-4EE3-D9E2-60BE-EB8DBB9085B2}.Debug|Any CPU.ActiveCfg = Debug|Any CPU
		{F6692228-4EE3-D9E2-60BE-EB8DBB9085B2}.Debug|Any CPU.Build.0 = Debug|Any CPU
		{F6692228-4EE3-D9E2-60BE-EB8DBB9085B2}.Release|Any CPU.ActiveCfg = Release|Any CPU
		{F6692228-4EE3-D9E2-60BE-EB8DBB9085B2}.Release|Any CPU.Build.0 = Release|Any CPU
	EndGlobalSection
	GlobalSection(SolutionProperties) = preSolution
		HideSolutionNode = FALSE
	EndGlobalSection
	GlobalSection(ExtensibilityGlobals) = postSolution
		SolutionGuid = {DCB7874B-73E3-4E71-B691-FF77AD6ADA49}
	EndGlobalSection
EndGlobal
